// !$*UTF8*$!
{
	archiveVersion = 1;
	classes = {
	};
	objectVersion = 48;
	objects = {

/* Begin PBXBuildFile section */
		86F73F8220054D5700FF907F /* AppDelegate.swift in Sources */ = {isa = PBXBuildFile; fileRef = 86F73F8120054D5700FF907F /* AppDelegate.swift */; };
		86F73F8420054D5700FF907F /* ViewController.swift in Sources */ = {isa = PBXBuildFile; fileRef = 86F73F8320054D5700FF907F /* ViewController.swift */; };
		86F73F8720054D5700FF907F /* Main.storyboard in Resources */ = {isa = PBXBuildFile; fileRef = 86F73F8520054D5700FF907F /* Main.storyboard */; };
		86F73F8A20054D5700FF907F /* BeceloneBus.xcdatamodeld in Sources */ = {isa = PBXBuildFile; fileRef = 86F73F8820054D5700FF907F /* BeceloneBus.xcdatamodeld */; };
		86F73F8C20054D5700FF907F /* Assets.xcassets in Resources */ = {isa = PBXBuildFile; fileRef = 86F73F8B20054D5700FF907F /* Assets.xcassets */; };
		86F73F8F20054D5700FF907F /* LaunchScreen.storyboard in Resources */ = {isa = PBXBuildFile; fileRef = 86F73F8D20054D5700FF907F /* LaunchScreen.storyboard */; };
		86F73F9A20054D5700FF907F /* BeceloneBusTests.swift in Sources */ = {isa = PBXBuildFile; fileRef = 86F73F9920054D5700FF907F /* BeceloneBusTests.swift */; };
		86F73FA520054D5700FF907F /* BeceloneBusUITests.swift in Sources */ = {isa = PBXBuildFile; fileRef = 86F73FA420054D5700FF907F /* BeceloneBusUITests.swift */; };
/* End PBXBuildFile section */

/* Begin PBXContainerItemProxy section */
		86F73F9620054D5700FF907F /* PBXContainerItemProxy */ = {
			isa = PBXContainerItemProxy;
			containerPortal = 86F73F7620054D5700FF907F /* Project object */;
			proxyType = 1;
			remoteGlobalIDString = 86F73F7D20054D5700FF907F;
			remoteInfo = BeceloneBus;
		};
		86F73FA120054D5700FF907F /* PBXContainerItemProxy */ = {
			isa = PBXContainerItemProxy;
			containerPortal = 86F73F7620054D5700FF907F /* Project object */;
			proxyType = 1;
			remoteGlobalIDString = 86F73F7D20054D5700FF907F;
			remoteInfo = BeceloneBus;
		};
/* End PBXContainerItemProxy section */

/* Begin PBXFileReference section */
		86F73F7E20054D5700FF907F /* BeceloneBus.app */ = {isa = PBXFileReference; explicitFileType = wrapper.application; includeInIndex = 0; path = BeceloneBus.app; sourceTree = BUILT_PRODUCTS_DIR; };
		86F73F8120054D5700FF907F /* AppDelegate.swift */ = {isa = PBXFileReference; lastKnownFileType = sourcecode.swift; path = AppDelegate.swift; sourceTree = "<group>"; };
		86F73F8320054D5700FF907F /* ViewController.swift */ = {isa = PBXFileReference; lastKnownFileType = sourcecode.swift; path = ViewController.swift; sourceTree = "<group>"; };
		86F73F8620054D5700FF907F /* Base */ = {isa = PBXFileReference; lastKnownFileType = file.storyboard; name = Base; path = Base.lproj/Main.storyboard; sourceTree = "<group>"; };
		86F73F8920054D5700FF907F /* BeceloneBus.xcdatamodel */ = {isa = PBXFileReference; lastKnownFileType = wrapper.xcdatamodel; path = BeceloneBus.xcdatamodel; sourceTree = "<group>"; };
		86F73F8B20054D5700FF907F /* Assets.xcassets */ = {isa = PBXFileReference; lastKnownFileType = folder.assetcatalog; path = Assets.xcassets; sourceTree = "<group>"; };
		86F73F8E20054D5700FF907F /* Base */ = {isa = PBXFileReference; lastKnownFileType = file.storyboard; name = Base; path = Base.lproj/LaunchScreen.storyboard; sourceTree = "<group>"; };
		86F73F9020054D5700FF907F /* Info.plist */ = {isa = PBXFileReference; lastKnownFileType = text.plist.xml; path = Info.plist; sourceTree = "<group>"; };
		86F73F9520054D5700FF907F /* BeceloneBusTests.xctest */ = {isa = PBXFileReference; explicitFileType = wrapper.cfbundle; includeInIndex = 0; path = BeceloneBusTests.xctest; sourceTree = BUILT_PRODUCTS_DIR; };
		86F73F9920054D5700FF907F /* BeceloneBusTests.swift */ = {isa = PBXFileReference; lastKnownFileType = sourcecode.swift; path = BeceloneBusTests.swift; sourceTree = "<group>"; };
		86F73F9B20054D5700FF907F /* Info.plist */ = {isa = PBXFileReference; lastKnownFileType = text.plist.xml; path = Info.plist; sourceTree = "<group>"; };
		86F73FA020054D5700FF907F /* BeceloneBusUITests.xctest */ = {isa = PBXFileReference; explicitFileType = wrapper.cfbundle; includeInIndex = 0; path = BeceloneBusUITests.xctest; sourceTree = BUILT_PRODUCTS_DIR; };
		86F73FA420054D5700FF907F /* BeceloneBusUITests.swift */ = {isa = PBXFileReference; lastKnownFileType = sourcecode.swift; path = BeceloneBusUITests.swift; sourceTree = "<group>"; };
		86F73FA620054D5700FF907F /* Info.plist */ = {isa = PBXFileReference; lastKnownFileType = text.plist.xml; path = Info.plist; sourceTree = "<group>"; };
/* End PBXFileReference section */

/* Begin PBXFrameworksBuildPhase section */
		86F73F7B20054D5700FF907F /* Frameworks */ = {
			isa = PBXFrameworksBuildPhase;
			buildActionMask = 2147483647;
			files = (
			);
			runOnlyForDeploymentPostprocessing = 0;
		};
		86F73F9220054D5700FF907F /* Frameworks */ = {
			isa = PBXFrameworksBuildPhase;
			buildActionMask = 2147483647;
			files = (
			);
			runOnlyForDeploymentPostprocessing = 0;
		};
		86F73F9D20054D5700FF907F /* Frameworks */ = {
			isa = PBXFrameworksBuildPhase;
			buildActionMask = 2147483647;
			files = (
			);
			runOnlyForDeploymentPostprocessing = 0;
		};
/* End PBXFrameworksBuildPhase section */

/* Begin PBXGroup section */
		86F73F7520054D5700FF907F = {
			isa = PBXGroup;
			children = (
				86F73F8020054D5700FF907F /* BeceloneBus */,
				86F73F9820054D5700FF907F /* BeceloneBusTests */,
				86F73FA320054D5700FF907F /* BeceloneBusUITests */,
				86F73F7F20054D5700FF907F /* Products */,
			);
			sourceTree = "<group>";
		};
		86F73F7F20054D5700FF907F /* Products */ = {
			isa = PBXGroup;
			children = (
				86F73F7E20054D5700FF907F /* BeceloneBus.app */,
				86F73F9520054D5700FF907F /* BeceloneBusTests.xctest */,
				86F73FA020054D5700FF907F /* BeceloneBusUITests.xctest */,
			);
			name = Products;
			sourceTree = "<group>";
		};
		86F73F8020054D5700FF907F /* BeceloneBus */ = {
			isa = PBXGroup;
			children = (
				86F73F8120054D5700FF907F /* AppDelegate.swift */,
				86F73F8320054D5700FF907F /* ViewController.swift */,
				86F73F8520054D5700FF907F /* Main.storyboard */,
				86F73F8B20054D5700FF907F /* Assets.xcassets */,
				86F73F8D20054D5700FF907F /* LaunchScreen.storyboard */,
				86F73F9020054D5700FF907F /* Info.plist */,
				86F73F8820054D5700FF907F /* BeceloneBus.xcdatamodeld */,
			);
			path = BeceloneBus;
			sourceTree = "<group>";
		};
		86F73F9820054D5700FF907F /* BeceloneBusTests */ = {
			isa = PBXGroup;
			children = (
				86F73F9920054D5700FF907F /* BeceloneBusTests.swift */,
				86F73F9B20054D5700FF907F /* Info.plist */,
			);
			path = BeceloneBusTests;
			sourceTree = "<group>";
		};
		86F73FA320054D5700FF907F /* BeceloneBusUITests */ = {
			isa = PBXGroup;
			children = (
				86F73FA420054D5700FF907F /* BeceloneBusUITests.swift */,
				86F73FA620054D5700FF907F /* Info.plist */,
			);
			path = BeceloneBusUITests;
			sourceTree = "<group>";
		};
/* End PBXGroup section */

/* Begin PBXNativeTarget section */
		86F73F7D20054D5700FF907F /* BeceloneBus */ = {
			isa = PBXNativeTarget;
			buildConfigurationList = 86F73FA920054D5700FF907F /* Build configuration list for PBXNativeTarget "BeceloneBus" */;
			buildPhases = (
				86F73F7A20054D5700FF907F /* Sources */,
				86F73F7B20054D5700FF907F /* Frameworks */,
				86F73F7C20054D5700FF907F /* Resources */,
			);
			buildRules = (
			);
			dependencies = (
			);
			name = BeceloneBus;
			productName = BeceloneBus;
			productReference = 86F73F7E20054D5700FF907F /* BeceloneBus.app */;
			productType = "com.apple.product-type.application";
		};
		86F73F9420054D5700FF907F /* BeceloneBusTests */ = {
			isa = PBXNativeTarget;
			buildConfigurationList = 86F73FAC20054D5700FF907F /* Build configuration list for PBXNativeTarget "BeceloneBusTests" */;
			buildPhases = (
				86F73F9120054D5700FF907F /* Sources */,
				86F73F9220054D5700FF907F /* Frameworks */,
				86F73F9320054D5700FF907F /* Resources */,
			);
			buildRules = (
			);
			dependencies = (
				86F73F9720054D5700FF907F /* PBXTargetDependency */,
			);
			name = BeceloneBusTests;
			productName = BeceloneBusTests;
			productReference = 86F73F9520054D5700FF907F /* BeceloneBusTests.xctest */;
			productType = "com.apple.product-type.bundle.unit-test";
		};
		86F73F9F20054D5700FF907F /* BeceloneBusUITests */ = {
			isa = PBXNativeTarget;
			buildConfigurationList = 86F73FAF20054D5700FF907F /* Build configuration list for PBXNativeTarget "BeceloneBusUITests" */;
			buildPhases = (
				86F73F9C20054D5700FF907F /* Sources */,
				86F73F9D20054D5700FF907F /* Frameworks */,
				86F73F9E20054D5700FF907F /* Resources */,
			);
			buildRules = (
			);
			dependencies = (
				86F73FA220054D5700FF907F /* PBXTargetDependency */,
			);
			name = BeceloneBusUITests;
			productName = BeceloneBusUITests;
			productReference = 86F73FA020054D5700FF907F /* BeceloneBusUITests.xctest */;
			productType = "com.apple.product-type.bundle.ui-testing";
		};
/* End PBXNativeTarget section */

/* Begin PBXProject section */
		86F73F7620054D5700FF907F /* Project object */ = {
			isa = PBXProject;
			attributes = {
				LastSwiftUpdateCheck = 0920;
				LastUpgradeCheck = 0920;
				ORGANIZATIONNAME = "Ibrahima KH GUEYE";
				TargetAttributes = {
					86F73F7D20054D5700FF907F = {
						CreatedOnToolsVersion = 9.2;
						ProvisioningStyle = Automatic;
					};
					86F73F9420054D5700FF907F = {
						CreatedOnToolsVersion = 9.2;
						ProvisioningStyle = Automatic;
						TestTargetID = 86F73F7D20054D5700FF907F;
					};
					86F73F9F20054D5700FF907F = {
						CreatedOnToolsVersion = 9.2;
						ProvisioningStyle = Automatic;
						TestTargetID = 86F73F7D20054D5700FF907F;
					};
				};
			};
			buildConfigurationList = 86F73F7920054D5700FF907F /* Build configuration list for PBXProject "BeceloneBus" */;
			compatibilityVersion = "Xcode 8.0";
			developmentRegion = en;
			hasScannedForEncodings = 0;
			knownRegions = (
				en,
				Base,
			);
			mainGroup = 86F73F7520054D5700FF907F;
			productRefGroup = 86F73F7F20054D5700FF907F /* Products */;
			projectDirPath = "";
			projectRoot = "";
			targets = (
				86F73F7D20054D5700FF907F /* BeceloneBus */,
				86F73F9420054D5700FF907F /* BeceloneBusTests */,
				86F73F9F20054D5700FF907F /* BeceloneBusUITests */,
			);
		};
/* End PBXProject section */

/* Begin PBXResourcesBuildPhase section */
		86F73F7C20054D5700FF907F /* Resources */ = {
			isa = PBXResourcesBuildPhase;
			buildActionMask = 2147483647;
			files = (
				86F73F8F20054D5700FF907F /* LaunchScreen.storyboard in Resources */,
				86F73F8C20054D5700FF907F /* Assets.xcassets in Resources */,
				86F73F8720054D5700FF907F /* Main.storyboard in Resources */,
			);
			runOnlyForDeploymentPostprocessing = 0;
		};
		86F73F9320054D5700FF907F /* Resources */ = {
			isa = PBXResourcesBuildPhase;
			buildActionMask = 2147483647;
			files = (
			);
			runOnlyForDeploymentPostprocessing = 0;
		};
		86F73F9E20054D5700FF907F /* Resources */ = {
			isa = PBXResourcesBuildPhase;
			buildActionMask = 2147483647;
			files = (
			);
			runOnlyForDeploymentPostprocessing = 0;
		};
/* End PBXResourcesBuildPhase section */

/* Begin PBXSourcesBuildPhase section */
		86F73F7A20054D5700FF907F /* Sources */ = {
			isa = PBXSourcesBuildPhase;
			buildActionMask = 2147483647;
			files = (
				86F73F8420054D5700FF907F /* ViewController.swift in Sources */,
				86F73F8220054D5700FF907F /* AppDelegate.swift in Sources */,
				86F73F8A20054D5700FF907F /* BeceloneBus.xcdatamodeld in Sources */,
			);
			runOnlyForDeploymentPostprocessing = 0;
		};
		86F73F9120054D5700FF907F /* Sources */ = {
			isa = PBXSourcesBuildPhase;
			buildActionMask = 2147483647;
			files = (
				86F73F9A20054D5700FF907F /* BeceloneBusTests.swift in Sources */,
			);
			runOnlyForDeploymentPostprocessing = 0;
		};
		86F73F9C20054D5700FF907F /* Sources */ = {
			isa = PBXSourcesBuildPhase;
			buildActionMask = 2147483647;
			files = (
				86F73FA520054D5700FF907F /* BeceloneBusUITests.swift in Sources */,
			);
			runOnlyForDeploymentPostprocessing = 0;
		};
/* End PBXSourcesBuildPhase section */

/* Begin PBXTargetDependency section */
		86F73F9720054D5700FF907F /* PBXTargetDependency */ = {
			isa = PBXTargetDependency;
			target = 86F73F7D20054D5700FF907F /* BeceloneBus */;
			targetProxy = 86F73F9620054D5700FF907F /* PBXContainerItemProxy */;
		};
		86F73FA220054D5700FF907F /* PBXTargetDependency */ = {
			isa = PBXTargetDependency;
			target = 86F73F7D20054D5700FF907F /* BeceloneBus */;
			targetProxy = 86F73FA120054D5700FF907F /* PBXContainerItemProxy */;
		};
/* End PBXTargetDependency section */

/* Begin PBXVariantGroup section */
		86F73F8520054D5700FF907F /* Main.storyboard */ = {
			isa = PBXVariantGroup;
			children = (
				86F73F8620054D5700FF907F /* Base */,
			);
			name = Main.storyboard;
			sourceTree = "<group>";
		};
		86F73F8D20054D5700FF907F /* LaunchScreen.storyboard */ = {
			isa = PBXVariantGroup;
			children = (
				86F73F8E20054D5700FF907F /* Base */,
			);
			name = LaunchScreen.storyboard;
			sourceTree = "<group>";
		};
/* End PBXVariantGroup section */

/* Begin XCBuildConfiguration section */
		86F73FA720054D5700FF907F /* Debug */ = {
			isa = XCBuildConfiguration;
			buildSettings = {
				ALWAYS_SEARCH_USER_PATHS = NO;
				CLANG_ANALYZER_NONNULL = YES;
				CLANG_ANALYZER_NUMBER_OBJECT_CONVERSION = YES_AGGRESSIVE;
				CLANG_CXX_LANGUAGE_STANDARD = "gnu++14";
				CLANG_CXX_LIBRARY = "libc++";
				CLANG_ENABLE_MODULES = YES;
				CLANG_ENABLE_OBJC_ARC = YES;
				CLANG_WARN_BLOCK_CAPTURE_AUTORELEASING = YES;
				CLANG_WARN_BOOL_CONVERSION = YES;
				CLANG_WARN_COMMA = YES;
				CLANG_WARN_CONSTANT_CONVERSION = YES;
				CLANG_WARN_DIRECT_OBJC_ISA_USAGE = YES_ERROR;
				CLANG_WARN_DOCUMENTATION_COMMENTS = YES;
				CLANG_WARN_EMPTY_BODY = YES;
				CLANG_WARN_ENUM_CONVERSION = YES;
				CLANG_WARN_INFINITE_RECURSION = YES;
				CLANG_WARN_INT_CONVERSION = YES;
				CLANG_WARN_NON_LITERAL_NULL_CONVERSION = YES;
				CLANG_WARN_OBJC_LITERAL_CONVERSION = YES;
				CLANG_WARN_OBJC_ROOT_CLASS = YES_ERROR;
				CLANG_WARN_RANGE_LOOP_ANALYSIS = YES;
				CLANG_WARN_STRICT_PROTOTYPES = YES;
				CLANG_WARN_SUSPICIOUS_MOVE = YES;
				CLANG_WARN_UNGUARDED_AVAILABILITY = YES_AGGRESSIVE;
				CLANG_WARN_UNREACHABLE_CODE = YES;
				CLANG_WARN__DUPLICATE_METHOD_MATCH = YES;
				CODE_SIGN_IDENTITY = "iPhone Developer";
				COPY_PHASE_STRIP = NO;
				DEBUG_INFORMATION_FORMAT = dwarf;
				ENABLE_STRICT_OBJC_MSGSEND = YES;
				ENABLE_TESTABILITY = YES;
				GCC_C_LANGUAGE_STANDARD = gnu11;
				GCC_DYNAMIC_NO_PIC = NO;
				GCC_NO_COMMON_BLOCKS = YES;
				GCC_OPTIMIZATION_LEVEL = 0;
				GCC_PREPROCESSOR_DEFINITIONS = (
					"DEBUG=1",
					"$(inherited)",
				);
				GCC_WARN_64_TO_32_BIT_CONVERSION = YES;
				GCC_WARN_ABOUT_RETURN_TYPE = YES_ERROR;
				GCC_WARN_UNDECLARED_SELECTOR = YES;
				GCC_WARN_UNINITIALIZED_AUTOS = YES_AGGRESSIVE;
				GCC_WARN_UNUSED_FUNCTION = YES;
				GCC_WARN_UNUSED_VARIABLE = YES;
				IPHONEOS_DEPLOYMENT_TARGET = 11.2;
				MTL_ENABLE_DEBUG_INFO = YES;
				ONLY_ACTIVE_ARCH = YES;
				SDKROOT = iphoneos;
				SWIFT_ACTIVE_COMPILATION_CONDITIONS = DEBUG;
				SWIFT_OPTIMIZATION_LEVEL = "-Onone";
			};
			name = Debug;
		};
		86F73FA820054D5700FF907F /* Release */ = {
			isa = XCBuildConfiguration;
			buildSettings = {
				ALWAYS_SEARCH_USER_PATHS = NO;
				CLANG_ANALYZER_NONNULL = YES;
				CLANG_ANALYZER_NUMBER_OBJECT_CONVERSION = YES_AGGRESSIVE;
				CLANG_CXX_LANGUAGE_STANDARD = "gnu++14";
				CLANG_CXX_LIBRARY = "libc++";
				CLANG_ENABLE_MODULES = YES;
				CLANG_ENABLE_OBJC_ARC = YES;
				CLANG_WARN_BLOCK_CAPTURE_AUTORELEASING = YES;
				CLANG_WARN_BOOL_CONVERSION = YES;
				CLANG_WARN_COMMA = YES;
				CLANG_WARN_CONSTANT_CONVERSION = YES;
				CLANG_WARN_DIRECT_OBJC_ISA_USAGE = YES_ERROR;
				CLANG_WARN_DOCUMENTATION_COMMENTS = YES;
				CLANG_WARN_EMPTY_BODY = YES;
				CLANG_WARN_ENUM_CONVERSION = YES;
				CLANG_WARN_INFINITE_RECURSION = YES;
				CLANG_WARN_INT_CONVERSION = YES;
				CLANG_WARN_NON_LITERAL_NULL_CONVERSION = YES;
				CLANG_WARN_OBJC_LITERAL_CONVERSION = YES;
				CLANG_WARN_OBJC_ROOT_CLASS = YES_ERROR;
				CLANG_WARN_RANGE_LOOP_ANALYSIS = YES;
				CLANG_WARN_STRICT_PROTOTYPES = YES;
				CLANG_WARN_SUSPICIOUS_MOVE = YES;
				CLANG_WARN_UNGUARDED_AVAILABILITY = YES_AGGRESSIVE;
				CLANG_WARN_UNREACHABLE_CODE = YES;
				CLANG_WARN__DUPLICATE_METHOD_MATCH = YES;
				CODE_SIGN_IDENTITY = "iPhone Developer";
				COPY_PHASE_STRIP = NO;
				DEBUG_INFORMATION_FORMAT = "dwarf-with-dsym";
				ENABLE_NS_ASSERTIONS = NO;
				ENABLE_STRICT_OBJC_MSGSEND = YES;
				GCC_C_LANGUAGE_STANDARD = gnu11;
				GCC_NO_COMMON_BLOCKS = YES;
				GCC_WARN_64_TO_32_BIT_CONVERSION = YES;
				GCC_WARN_ABOUT_RETURN_TYPE = YES_ERROR;
				GCC_WARN_UNDECLARED_SELECTOR = YES;
				GCC_WARN_UNINITIALIZED_AUTOS = YES_AGGRESSIVE;
				GCC_WARN_UNUSED_FUNCTION = YES;
				GCC_WARN_UNUSED_VARIABLE = YES;
				IPHONEOS_DEPLOYMENT_TARGET = 11.2;
				MTL_ENABLE_DEBUG_INFO = NO;
				SDKROOT = iphoneos;
				SWIFT_OPTIMIZATION_LEVEL = "-Owholemodule";
				VALIDATE_PRODUCT = YES;
			};
			name = Release;
		};
		86F73FAA20054D5700FF907F /* Debug */ = {
			isa = XCBuildConfiguration;
			buildSettings = {
				ASSETCATALOG_COMPILER_APPICON_NAME = AppIcon;
				CODE_SIGN_STYLE = Automatic;
				DEVELOPMENT_TEAM = 888QW669L8;
				INFOPLIST_FILE = BeceloneBus/Info.plist;
				LD_RUNPATH_SEARCH_PATHS = "$(inherited) @executable_path/Frameworks";
				PRODUCT_BUNDLE_IDENTIFIER = IgApple.BeceloneBus;
				PRODUCT_NAME = "$(TARGET_NAME)";
				SWIFT_VERSION = 4.0;
				TARGETED_DEVICE_FAMILY = "1,2";
			};
			name = Debug;
		};
		86F73FAB20054D5700FF907F /* Release */ = {
			isa = XCBuildConfiguration;
			buildSettings = {
				ASSETCATALOG_COMPILER_APPICON_NAME = AppIcon;
				CODE_SIGN_STYLE = Automatic;
				DEVELOPMENT_TEAM = 888QW669L8;
				INFOPLIST_FILE = BeceloneBus/Info.plist;
				LD_RUNPATH_SEARCH_PATHS = "$(inherited) @executable_path/Frameworks";
				PRODUCT_BUNDLE_IDENTIFIER = IgApple.BeceloneBus;
				PRODUCT_NAME = "$(TARGET_NAME)";
				SWIFT_VERSION = 4.0;
				TARGETED_DEVICE_FAMILY = "1,2";
			};
			name = Release;
		};
		86F73FAD20054D5700FF907F /* Debug */ = {
			isa = XCBuildConfiguration;
			buildSettings = {
				ALWAYS_EMBED_SWIFT_STANDARD_LIBRARIES = YES;
				BUNDLE_LOADER = "$(TEST_HOST)";
				CODE_SIGN_STYLE = Automatic;
				DEVELOPMENT_TEAM = 888QW669L8;
				INFOPLIST_FILE = BeceloneBusTests/Info.plist;
				LD_RUNPATH_SEARCH_PATHS = "$(inherited) @executable_path/Frameworks @loader_path/Frameworks";
				PRODUCT_BUNDLE_IDENTIFIER = IgApple.BeceloneBusTests;
				PRODUCT_NAME = "$(TARGET_NAME)";
				SWIFT_VERSION = 4.0;
				TARGETED_DEVICE_FAMILY = "1,2";
				TEST_HOST = "$(BUILT_PRODUCTS_DIR)/BeceloneBus.app/BeceloneBus";
			};
			name = Debug;
		};
		86F73FAE20054D5700FF907F /* Release */ = {
			isa = XCBuildConfiguration;
			buildSettings = {
				ALWAYS_EMBED_SWIFT_STANDARD_LIBRARIES = YES;
				BUNDLE_LOADER = "$(TEST_HOST)";
				CODE_SIGN_STYLE = Automatic;
				DEVELOPMENT_TEAM = 888QW669L8;
				INFOPLIST_FILE = BeceloneBusTests/Info.plist;
				LD_RUNPATH_SEARCH_PATHS = "$(inherited) @executable_path/Frameworks @loader_path/Frameworks";
				PRODUCT_BUNDLE_IDENTIFIER = IgApple.BeceloneBusTests;
				PRODUCT_NAME = "$(TARGET_NAME)";
				SWIFT_VERSION = 4.0;
				TARGETED_DEVICE_FAMILY = "1,2";
				TEST_HOST = "$(BUILT_PRODUCTS_DIR)/BeceloneBus.app/BeceloneBus";
			};
			name = Release;
		};
		86F73FB020054D5700FF907F /* Debug */ = {
			isa = XCBuildConfiguration;
			buildSettings = {
				ALWAYS_EMBED_SWIFT_STANDARD_LIBRARIES = YES;
				CODE_SIGN_STYLE = Automatic;
				DEVELOPMENT_TEAM = 888QW669L8;
				INFOPLIST_FILE = BeceloneBusUITests/Info.plist;
				LD_RUNPATH_SEARCH_PATHS = "$(inherited) @executable_path/Frameworks @loader_path/Frameworks";
				PRODUCT_BUNDLE_IDENTIFIER = IgApple.BeceloneBusUITests;
				PRODUCT_NAME = "$(TARGET_NAME)";
				SWIFT_VERSION = 4.0;
				TARGETED_DEVICE_FAMILY = "1,2";
				TEST_TARGET_NAME = BeceloneBus;
			};
			name = Debug;
		};
		86F73FB120054D5700FF907F /* Release */ = {
			isa = XCBuildConfiguration;
			buildSettings = {
				ALWAYS_EMBED_SWIFT_STANDARD_LIBRARIES = YES;
				CODE_SIGN_STYLE = Automatic;
				DEVELOPMENT_TEAM = 888QW669L8;
				INFOPLIST_FILE = BeceloneBusUITests/Info.plist;
				LD_RUNPATH_SEARCH_PATHS = "$(inherited) @executable_path/Frameworks @loader_path/Frameworks";
				PRODUCT_BUNDLE_IDENTIFIER = IgApple.BeceloneBusUITests;
				PRODUCT_NAME = "$(TARGET_NAME)";
				SWIFT_VERSION = 4.0;
				TARGETED_DEVICE_FAMILY = "1,2";
				TEST_TARGET_NAME = BeceloneBus;
			};
			name = Release;
		};
/* End XCBuildConfiguration section */

/* Begin XCConfigurationList section */
		86F73F7920054D5700FF907F /* Build configuration list for PBXProject "BeceloneBus" */ = {
			isa = XCConfigurationList;
			buildConfigurations = (
				86F73FA720054D5700FF907F /* Debug */,
				86F73FA820054D5700FF907F /* Release */,
			);
			defaultConfigurationIsVisible = 0;
			defaultConfigurationName = Release;
		};
		86F73FA920054D5700FF907F /* Build configuration list for PBXNativeTarget "BeceloneBus" */ = {
			isa = XCConfigurationList;
			buildConfigurations = (
				86F73FAA20054D5700FF907F /* Debug */,
				86F73FAB20054D5700FF907F /* Release */,
			);
			defaultConfigurationIsVisible = 0;
			defaultConfigurationName = Release;
		};
		86F73FAC20054D5700FF907F /* Build configuration list for PBXNativeTarget "BeceloneBusTests" */ = {
			isa = XCConfigurationList;
			buildConfigurations = (
				86F73FAD20054D5700FF907F /* Debug */,
				86F73FAE20054D5700FF907F /* Release */,
			);
			defaultConfigurationIsVisible = 0;
			defaultConfigurationName = Release;
		};
		86F73FAF20054D5700FF907F /* Build configuration list for PBXNativeTarget "BeceloneBusUITests" */ = {
			isa = XCConfigurationList;
			buildConfigurations = (
				86F73FB020054D5700FF907F /* Debug */,
				86F73FB120054D5700FF907F /* Release */,
			);
			defaultConfigurationIsVisible = 0;
			defaultConfigurationName = Release;
		};
/* End XCConfigurationList section */

/* Begin XCVersionGroup section */
		86F73F8820054D5700FF907F /* BeceloneBus.xcdatamodeld */ = {
			isa = XCVersionGroup;
			children = (
				86F73F8920054D5700FF907F /* BeceloneBus.xcdatamodel */,
			);
			currentVersion = 86F73F8920054D5700FF907F /* BeceloneBus.xcdatamodel */;
			path = BeceloneBus.xcdatamodeld;
			sourceTree = "<group>";
			versionGroupType = wrapper.xcdatamodel;
		};
/* End XCVersionGroup section */
	};
	rootObject = 86F73F7620054D5700FF907F /* Project object */;
}
